
Microsoft Visual Studio Solution File, Format Version 12.00
# Visual Studio 14
VisualStudioVersion = 14.0.25123.0
MinimumVisualStudioVersion = 10.0.40219.1
Project("{FAE04EC0-301F-11D3-BF4B-00C04F79EFBC}") = "Rocket.Chat.Net", "src\Rocket.Chat.Net\Rocket.Chat.Net.csproj", "{A078AEB9-5502-441C-B44A-FF4BBE007551}"
EndProject
Project("{FAE04EC0-301F-11D3-BF4B-00C04F79EFBC}") = "Rocket.Chat.Net.Tests", "test\Rocket.Chat.Net.Tests\Rocket.Chat.Net.Tests.csproj", "{55BAE418-9468-4A62-A6FA-F92ECBEAD8A5}"
EndProject
Project("{FAE04EC0-301F-11D3-BF4B-00C04F79EFBC}") = "Rocket.Chat.Net.Example", "src\Rocket.Chat.Net.Example\Rocket.Chat.Net.Example.csproj", "{EFB12AE6-706D-42B5-B2CC-54D60C4DC02B}"
EndProject
Project("{2150E333-8FDC-42A3-9474-1A3956D46DE8}") = "Tests", "Tests", "{EFB763AD-9566-48EB-8917-3FBDA963BFF9}"
EndProject
Project("{2150E333-8FDC-42A3-9474-1A3956D46DE8}") = ".nuget", ".nuget", "{7B016AD2-8407-470C-AA39-644A23F06D5E}"
	ProjectSection(SolutionItems) = preProject
		.nuget\packages.config = .nuget\packages.config
	EndProjectSection
EndProject
Project("{FAE04EC0-301F-11D3-BF4B-00C04F79EFBC}") = "Rocket.Chat.Net.Bot", "src\Rocket.Chat.Net.Bot\Rocket.Chat.Net.Bot.csproj", "{A6FF1F57-0837-4F1A-9248-1CCE8477295E}"
EndProject
Project("{FAE04EC0-301F-11D3-BF4B-00C04F79EFBC}") = "Rocket.Chat.Net.Bot.Tests", "test\Rocket.Chat.Net.Bot.Tests\Rocket.Chat.Net.Bot.Tests.csproj", "{A271F00E-6B4A-4149-9770-57A50E81A3ED}"
EndProject
Project("{FAE04EC0-301F-11D3-BF4B-00C04F79EFBC}") = "Rocket.Chat.Net.Portability", "src\Portability\Rocket.Chat.Net.Portability\Rocket.Chat.Net.Portability.csproj", "{662CE701-056D-420A-B03B-4F2613EEA044}"
EndProject
Project("{2150E333-8FDC-42A3-9474-1A3956D46DE8}") = "Portability", "Portability", "{73C120E4-D37F-41F7-9DFB-4315BEC3250A}"
EndProject
Project("{FAE04EC0-301F-11D3-BF4B-00C04F79EFBC}") = "Rocket.Chat.Net.Portability.Net45", "src\Portability\Rocket.Chat.Net.Portability.Net45\Rocket.Chat.Net.Portability.Net45.csproj", "{3F922D92-8434-46D2-B16D-BC12631C72DD}"
EndProject
Global
	GlobalSection(SolutionConfigurationPlatforms) = preSolution
		Debug|Any CPU = Debug|Any CPU
		Debug|ARM = Debug|ARM
		Debug|x64 = Debug|x64
		Debug|x86 = Debug|x86
		Mono-4.5|Any CPU = Mono-4.5|Any CPU
		Mono-4.5|ARM = Mono-4.5|ARM
		Mono-4.5|x64 = Mono-4.5|x64
		Mono-4.5|x86 = Mono-4.5|x86
		Release|Any CPU = Release|Any CPU
		Release|ARM = Release|ARM
		Release|x64 = Release|x64
		Release|x86 = Release|x86
	EndGlobalSection
	GlobalSection(ProjectConfigurationPlatforms) = postSolution
		{A078AEB9-5502-441C-B44A-FF4BBE007551}.Debug|Any CPU.ActiveCfg = Debug|Any CPU
		{A078AEB9-5502-441C-B44A-FF4BBE007551}.Debug|Any CPU.Build.0 = Debug|Any CPU
		{A078AEB9-5502-441C-B44A-FF4BBE007551}.Debug|ARM.ActiveCfg = Debug|Any CPU
		{A078AEB9-5502-441C-B44A-FF4BBE007551}.Debug|ARM.Build.0 = Debug|Any CPU
		{A078AEB9-5502-441C-B44A-FF4BBE007551}.Debug|x64.ActiveCfg = Debug|Any CPU
		{A078AEB9-5502-441C-B44A-FF4BBE007551}.Debug|x64.Build.0 = Debug|Any CPU
		{A078AEB9-5502-441C-B44A-FF4BBE007551}.Debug|x86.ActiveCfg = Debug|Any CPU
		{A078AEB9-5502-441C-B44A-FF4BBE007551}.Debug|x86.Build.0 = Debug|Any CPU
		{A078AEB9-5502-441C-B44A-FF4BBE007551}.Mono-4.5|Any CPU.ActiveCfg = Mono-4.5|Any CPU
		{A078AEB9-5502-441C-B44A-FF4BBE007551}.Mono-4.5|Any CPU.Build.0 = Mono-4.5|Any CPU
		{A078AEB9-5502-441C-B44A-FF4BBE007551}.Mono-4.5|ARM.ActiveCfg = Mono-4.5|Any CPU
		{A078AEB9-5502-441C-B44A-FF4BBE007551}.Mono-4.5|ARM.Build.0 = Mono-4.5|Any CPU
		{A078AEB9-5502-441C-B44A-FF4BBE007551}.Mono-4.5|x64.ActiveCfg = Mono-4.5|Any CPU
		{A078AEB9-5502-441C-B44A-FF4BBE007551}.Mono-4.5|x64.Build.0 = Mono-4.5|Any CPU
		{A078AEB9-5502-441C-B44A-FF4BBE007551}.Mono-4.5|x86.ActiveCfg = Mono-4.5|Any CPU
		{A078AEB9-5502-441C-B44A-FF4BBE007551}.Mono-4.5|x86.Build.0 = Mono-4.5|Any CPU
		{A078AEB9-5502-441C-B44A-FF4BBE007551}.Release|Any CPU.ActiveCfg = Release|Any CPU
		{A078AEB9-5502-441C-B44A-FF4BBE007551}.Release|Any CPU.Build.0 = Release|Any CPU
		{A078AEB9-5502-441C-B44A-FF4BBE007551}.Release|ARM.ActiveCfg = Release|Any CPU
		{A078AEB9-5502-441C-B44A-FF4BBE007551}.Release|ARM.Build.0 = Release|Any CPU
		{A078AEB9-5502-441C-B44A-FF4BBE007551}.Release|x64.ActiveCfg = Release|Any CPU
		{A078AEB9-5502-441C-B44A-FF4BBE007551}.Release|x64.Build.0 = Release|Any CPU
		{A078AEB9-5502-441C-B44A-FF4BBE007551}.Release|x86.ActiveCfg = Release|Any CPU
		{A078AEB9-5502-441C-B44A-FF4BBE007551}.Release|x86.Build.0 = Release|Any CPU
		{55BAE418-9468-4A62-A6FA-F92ECBEAD8A5}.Debug|Any CPU.ActiveCfg = Debug|Any CPU
		{55BAE418-9468-4A62-A6FA-F92ECBEAD8A5}.Debug|Any CPU.Build.0 = Debug|Any CPU
		{55BAE418-9468-4A62-A6FA-F92ECBEAD8A5}.Debug|ARM.ActiveCfg = Debug|Any CPU
		{55BAE418-9468-4A62-A6FA-F92ECBEAD8A5}.Debug|ARM.Build.0 = Debug|Any CPU
		{55BAE418-9468-4A62-A6FA-F92ECBEAD8A5}.Debug|x64.ActiveCfg = Debug|Any CPU
		{55BAE418-9468-4A62-A6FA-F92ECBEAD8A5}.Debug|x64.Build.0 = Debug|Any CPU
		{55BAE418-9468-4A62-A6FA-F92ECBEAD8A5}.Debug|x86.ActiveCfg = Debug|Any CPU
		{55BAE418-9468-4A62-A6FA-F92ECBEAD8A5}.Debug|x86.Build.0 = Debug|Any CPU
		{55BAE418-9468-4A62-A6FA-F92ECBEAD8A5}.Mono-4.5|Any CPU.ActiveCfg = Mono-4.5|Any CPU
		{55BAE418-9468-4A62-A6FA-F92ECBEAD8A5}.Mono-4.5|Any CPU.Build.0 = Mono-4.5|Any CPU
		{55BAE418-9468-4A62-A6FA-F92ECBEAD8A5}.Mono-4.5|ARM.ActiveCfg = Mono-4.5|Any CPU
		{55BAE418-9468-4A62-A6FA-F92ECBEAD8A5}.Mono-4.5|ARM.Build.0 = Mono-4.5|Any CPU
		{55BAE418-9468-4A62-A6FA-F92ECBEAD8A5}.Mono-4.5|x64.ActiveCfg = Mono-4.5|Any CPU
		{55BAE418-9468-4A62-A6FA-F92ECBEAD8A5}.Mono-4.5|x64.Build.0 = Mono-4.5|Any CPU
		{55BAE418-9468-4A62-A6FA-F92ECBEAD8A5}.Mono-4.5|x86.ActiveCfg = Mono-4.5|Any CPU
		{55BAE418-9468-4A62-A6FA-F92ECBEAD8A5}.Mono-4.5|x86.Build.0 = Mono-4.5|Any CPU
		{55BAE418-9468-4A62-A6FA-F92ECBEAD8A5}.Release|Any CPU.ActiveCfg = Release|Any CPU
		{55BAE418-9468-4A62-A6FA-F92ECBEAD8A5}.Release|Any CPU.Build.0 = Release|Any CPU
		{55BAE418-9468-4A62-A6FA-F92ECBEAD8A5}.Release|ARM.ActiveCfg = Release|Any CPU
		{55BAE418-9468-4A62-A6FA-F92ECBEAD8A5}.Release|ARM.Build.0 = Release|Any CPU
		{55BAE418-9468-4A62-A6FA-F92ECBEAD8A5}.Release|x64.ActiveCfg = Release|Any CPU
		{55BAE418-9468-4A62-A6FA-F92ECBEAD8A5}.Release|x64.Build.0 = Release|Any CPU
		{55BAE418-9468-4A62-A6FA-F92ECBEAD8A5}.Release|x86.ActiveCfg = Release|Any CPU
		{55BAE418-9468-4A62-A6FA-F92ECBEAD8A5}.Release|x86.Build.0 = Release|Any CPU
		{EFB12AE6-706D-42B5-B2CC-54D60C4DC02B}.Debug|Any CPU.ActiveCfg = Debug|Any CPU
		{EFB12AE6-706D-42B5-B2CC-54D60C4DC02B}.Debug|Any CPU.Build.0 = Debug|Any CPU
		{EFB12AE6-706D-42B5-B2CC-54D60C4DC02B}.Debug|ARM.ActiveCfg = Debug|Any CPU
		{EFB12AE6-706D-42B5-B2CC-54D60C4DC02B}.Debug|ARM.Build.0 = Debug|Any CPU
		{EFB12AE6-706D-42B5-B2CC-54D60C4DC02B}.Debug|x64.ActiveCfg = Debug|Any CPU
		{EFB12AE6-706D-42B5-B2CC-54D60C4DC02B}.Debug|x64.Build.0 = Debug|Any CPU
		{EFB12AE6-706D-42B5-B2CC-54D60C4DC02B}.Debug|x86.ActiveCfg = Debug|Any CPU
		{EFB12AE6-706D-42B5-B2CC-54D60C4DC02B}.Debug|x86.Build.0 = Debug|Any CPU
		{EFB12AE6-706D-42B5-B2CC-54D60C4DC02B}.Mono-4.5|Any CPU.ActiveCfg = Mono-4.5|Any CPU
		{EFB12AE6-706D-42B5-B2CC-54D60C4DC02B}.Mono-4.5|Any CPU.Build.0 = Mono-4.5|Any CPU
		{EFB12AE6-706D-42B5-B2CC-54D60C4DC02B}.Mono-4.5|ARM.ActiveCfg = Mono-4.5|Any CPU
		{EFB12AE6-706D-42B5-B2CC-54D60C4DC02B}.Mono-4.5|ARM.Build.0 = Mono-4.5|Any CPU
		{EFB12AE6-706D-42B5-B2CC-54D60C4DC02B}.Mono-4.5|x64.ActiveCfg = Mono-4.5|Any CPU
		{EFB12AE6-706D-42B5-B2CC-54D60C4DC02B}.Mono-4.5|x64.Build.0 = Mono-4.5|Any CPU
		{EFB12AE6-706D-42B5-B2CC-54D60C4DC02B}.Mono-4.5|x86.ActiveCfg = Mono-4.5|Any CPU
		{EFB12AE6-706D-42B5-B2CC-54D60C4DC02B}.Mono-4.5|x86.Build.0 = Mono-4.5|Any CPU
		{EFB12AE6-706D-42B5-B2CC-54D60C4DC02B}.Release|Any CPU.ActiveCfg = Release|Any CPU
		{EFB12AE6-706D-42B5-B2CC-54D60C4DC02B}.Release|Any CPU.Build.0 = Release|Any CPU
		{EFB12AE6-706D-42B5-B2CC-54D60C4DC02B}.Release|ARM.ActiveCfg = Release|Any CPU
		{EFB12AE6-706D-42B5-B2CC-54D60C4DC02B}.Release|ARM.Build.0 = Release|Any CPU
		{EFB12AE6-706D-42B5-B2CC-54D60C4DC02B}.Release|x64.ActiveCfg = Release|Any CPU
		{EFB12AE6-706D-42B5-B2CC-54D60C4DC02B}.Release|x64.Build.0 = Release|Any CPU
		{EFB12AE6-706D-42B5-B2CC-54D60C4DC02B}.Release|x86.ActiveCfg = Release|Any CPU
		{EFB12AE6-706D-42B5-B2CC-54D60C4DC02B}.Release|x86.Build.0 = Release|Any CPU
		{A6FF1F57-0837-4F1A-9248-1CCE8477295E}.Debug|Any CPU.ActiveCfg = Debug|Any CPU
		{A6FF1F57-0837-4F1A-9248-1CCE8477295E}.Debug|Any CPU.Build.0 = Debug|Any CPU
		{A6FF1F57-0837-4F1A-9248-1CCE8477295E}.Debug|ARM.ActiveCfg = Debug|Any CPU
		{A6FF1F57-0837-4F1A-9248-1CCE8477295E}.Debug|ARM.Build.0 = Debug|Any CPU
		{A6FF1F57-0837-4F1A-9248-1CCE8477295E}.Debug|x64.ActiveCfg = Debug|Any CPU
		{A6FF1F57-0837-4F1A-9248-1CCE8477295E}.Debug|x64.Build.0 = Debug|Any CPU
		{A6FF1F57-0837-4F1A-9248-1CCE8477295E}.Debug|x86.ActiveCfg = Debug|Any CPU
		{A6FF1F57-0837-4F1A-9248-1CCE8477295E}.Debug|x86.Build.0 = Debug|Any CPU
		{A6FF1F57-0837-4F1A-9248-1CCE8477295E}.Mono-4.5|Any CPU.ActiveCfg = Release|Any CPU
		{A6FF1F57-0837-4F1A-9248-1CCE8477295E}.Mono-4.5|Any CPU.Build.0 = Release|Any CPU
		{A6FF1F57-0837-4F1A-9248-1CCE8477295E}.Mono-4.5|ARM.ActiveCfg = Release|Any CPU
		{A6FF1F57-0837-4F1A-9248-1CCE8477295E}.Mono-4.5|ARM.Build.0 = Release|Any CPU
		{A6FF1F57-0837-4F1A-9248-1CCE8477295E}.Mono-4.5|x64.ActiveCfg = Release|Any CPU
		{A6FF1F57-0837-4F1A-9248-1CCE8477295E}.Mono-4.5|x64.Build.0 = Release|Any CPU
		{A6FF1F57-0837-4F1A-9248-1CCE8477295E}.Mono-4.5|x86.ActiveCfg = Release|Any CPU
		{A6FF1F57-0837-4F1A-9248-1CCE8477295E}.Mono-4.5|x86.Build.0 = Release|Any CPU
		{A6FF1F57-0837-4F1A-9248-1CCE8477295E}.Release|Any CPU.ActiveCfg = Release|Any CPU
		{A6FF1F57-0837-4F1A-9248-1CCE8477295E}.Release|Any CPU.Build.0 = Release|Any CPU
		{A6FF1F57-0837-4F1A-9248-1CCE8477295E}.Release|ARM.ActiveCfg = Release|Any CPU
		{A6FF1F57-0837-4F1A-9248-1CCE8477295E}.Release|ARM.Build.0 = Release|Any CPU
		{A6FF1F57-0837-4F1A-9248-1CCE8477295E}.Release|x64.ActiveCfg = Release|Any CPU
		{A6FF1F57-0837-4F1A-9248-1CCE8477295E}.Release|x64.Build.0 = Release|Any CPU
		{A6FF1F57-0837-4F1A-9248-1CCE8477295E}.Release|x86.ActiveCfg = Release|Any CPU
		{A6FF1F57-0837-4F1A-9248-1CCE8477295E}.Release|x86.Build.0 = Release|Any CPU
		{A271F00E-6B4A-4149-9770-57A50E81A3ED}.Debug|Any CPU.ActiveCfg = Debug|Any CPU
		{A271F00E-6B4A-4149-9770-57A50E81A3ED}.Debug|Any CPU.Build.0 = Debug|Any CPU
		{A271F00E-6B4A-4149-9770-57A50E81A3ED}.Debug|ARM.ActiveCfg = Debug|Any CPU
		{A271F00E-6B4A-4149-9770-57A50E81A3ED}.Debug|ARM.Build.0 = Debug|Any CPU
		{A271F00E-6B4A-4149-9770-57A50E81A3ED}.Debug|x64.ActiveCfg = Debug|Any CPU
		{A271F00E-6B4A-4149-9770-57A50E81A3ED}.Debug|x64.Build.0 = Debug|Any CPU
		{A271F00E-6B4A-4149-9770-57A50E81A3ED}.Debug|x86.ActiveCfg = Debug|Any CPU
		{A271F00E-6B4A-4149-9770-57A50E81A3ED}.Debug|x86.Build.0 = Debug|Any CPU
		{A271F00E-6B4A-4149-9770-57A50E81A3ED}.Mono-4.5|Any CPU.ActiveCfg = Release|Any CPU
		{A271F00E-6B4A-4149-9770-57A50E81A3ED}.Mono-4.5|Any CPU.Build.0 = Release|Any CPU
		{A271F00E-6B4A-4149-9770-57A50E81A3ED}.Mono-4.5|ARM.ActiveCfg = Release|Any CPU
		{A271F00E-6B4A-4149-9770-57A50E81A3ED}.Mono-4.5|ARM.Build.0 = Release|Any CPU
		{A271F00E-6B4A-4149-9770-57A50E81A3ED}.Mono-4.5|x64.ActiveCfg = Release|Any CPU
		{A271F00E-6B4A-4149-9770-57A50E81A3ED}.Mono-4.5|x64.Build.0 = Release|Any CPU
		{A271F00E-6B4A-4149-9770-57A50E81A3ED}.Mono-4.5|x86.ActiveCfg = Release|Any CPU
		{A271F00E-6B4A-4149-9770-57A50E81A3ED}.Mono-4.5|x86.Build.0 = Release|Any CPU
		{A271F00E-6B4A-4149-9770-57A50E81A3ED}.Release|Any CPU.ActiveCfg = Release|Any CPU
		{A271F00E-6B4A-4149-9770-57A50E81A3ED}.Release|Any CPU.Build.0 = Release|Any CPU
		{A271F00E-6B4A-4149-9770-57A50E81A3ED}.Release|ARM.ActiveCfg = Release|Any CPU
		{A271F00E-6B4A-4149-9770-57A50E81A3ED}.Release|ARM.Build.0 = Release|Any CPU
		{A271F00E-6B4A-4149-9770-57A50E81A3ED}.Release|x64.ActiveCfg = Release|Any CPU
		{A271F00E-6B4A-4149-9770-57A50E81A3ED}.Release|x64.Build.0 = Release|Any CPU
		{A271F00E-6B4A-4149-9770-57A50E81A3ED}.Release|x86.ActiveCfg = Release|Any CPU
		{A271F00E-6B4A-4149-9770-57A50E81A3ED}.Release|x86.Build.0 = Release|Any CPU
		{662CE701-056D-420A-B03B-4F2613EEA044}.Debug|Any CPU.ActiveCfg = Debug|Any CPU
		{662CE701-056D-420A-B03B-4F2613EEA044}.Debug|Any CPU.Build.0 = Debug|Any CPU
		{662CE701-056D-420A-B03B-4F2613EEA044}.Debug|ARM.ActiveCfg = Debug|Any CPU
		{662CE701-056D-420A-B03B-4F2613EEA044}.Debug|ARM.Build.0 = Debug|Any CPU
		{662CE701-056D-420A-B03B-4F2613EEA044}.Debug|x64.ActiveCfg = Debug|Any CPU
		{662CE701-056D-420A-B03B-4F2613EEA044}.Debug|x64.Build.0 = Debug|Any CPU
		{662CE701-056D-420A-B03B-4F2613EEA044}.Debug|x86.ActiveCfg = Debug|Any CPU
		{662CE701-056D-420A-B03B-4F2613EEA044}.Debug|x86.Build.0 = Debug|Any CPU
		{662CE701-056D-420A-B03B-4F2613EEA044}.Mono-4.5|Any CPU.ActiveCfg = Release|Any CPU
		{662CE701-056D-420A-B03B-4F2613EEA044}.Mono-4.5|Any CPU.Build.0 = Release|Any CPU
		{662CE701-056D-420A-B03B-4F2613EEA044}.Mono-4.5|ARM.ActiveCfg = Release|Any CPU
		{662CE701-056D-420A-B03B-4F2613EEA044}.Mono-4.5|ARM.Build.0 = Release|Any CPU
		{662CE701-056D-420A-B03B-4F2613EEA044}.Mono-4.5|x64.ActiveCfg = Release|Any CPU
		{662CE701-056D-420A-B03B-4F2613EEA044}.Mono-4.5|x64.Build.0 = Release|Any CPU
		{662CE701-056D-420A-B03B-4F2613EEA044}.Mono-4.5|x86.ActiveCfg = Release|Any CPU
		{662CE701-056D-420A-B03B-4F2613EEA044}.Mono-4.5|x86.Build.0 = Release|Any CPU
		{662CE701-056D-420A-B03B-4F2613EEA044}.Release|Any CPU.ActiveCfg = Release|Any CPU
		{662CE701-056D-420A-B03B-4F2613EEA044}.Release|Any CPU.Build.0 = Release|Any CPU
		{662CE701-056D-420A-B03B-4F2613EEA044}.Release|ARM.ActiveCfg = Release|Any CPU
		{662CE701-056D-420A-B03B-4F2613EEA044}.Release|ARM.Build.0 = Release|Any CPU
		{662CE701-056D-420A-B03B-4F2613EEA044}.Release|x64.ActiveCfg = Release|Any CPU
		{662CE701-056D-420A-B03B-4F2613EEA044}.Release|x64.Build.0 = Release|Any CPU
		{662CE701-056D-420A-B03B-4F2613EEA044}.Release|x86.ActiveCfg = Release|Any CPU
		{662CE701-056D-420A-B03B-4F2613EEA044}.Release|x86.Build.0 = Release|Any CPU
		{3F922D92-8434-46D2-B16D-BC12631C72DD}.Debug|Any CPU.ActiveCfg = Debug|Any CPU
		{3F922D92-8434-46D2-B16D-BC12631C72DD}.Debug|Any CPU.Build.0 = Debug|Any CPU
		{3F922D92-8434-46D2-B16D-BC12631C72DD}.Debug|ARM.ActiveCfg = Debug|Any CPU
		{3F922D92-8434-46D2-B16D-BC12631C72DD}.Debug|ARM.Build.0 = Debug|Any CPU
		{3F922D92-8434-46D2-B16D-BC12631C72DD}.Debug|x64.ActiveCfg = Debug|Any CPU
		{3F922D92-8434-46D2-B16D-BC12631C72DD}.Debug|x64.Build.0 = Debug|Any CPU
		{3F922D92-8434-46D2-B16D-BC12631C72DD}.Debug|x86.ActiveCfg = Debug|Any CPU
		{3F922D92-8434-46D2-B16D-BC12631C72DD}.Debug|x86.Build.0 = Debug|Any CPU
		{3F922D92-8434-46D2-B16D-BC12631C72DD}.Mono-4.5|Any CPU.ActiveCfg = Release|Any CPU
		{3F922D92-8434-46D2-B16D-BC12631C72DD}.Mono-4.5|Any CPU.Build.0 = Release|Any CPU
		{3F922D92-8434-46D2-B16D-BC12631C72DD}.Mono-4.5|ARM.ActiveCfg = Release|Any CPU
		{3F922D92-8434-46D2-B16D-BC12631C72DD}.Mono-4.5|ARM.Build.0 = Release|Any CPU
		{3F922D92-8434-46D2-B16D-BC12631C72DD}.Mono-4.5|x64.ActiveCfg = Release|Any CPU
		{3F922D92-8434-46D2-B16D-BC12631C72DD}.Mono-4.5|x64.Build.0 = Release|Any CPU
		{3F922D92-8434-46D2-B16D-BC12631C72DD}.Mono-4.5|x86.ActiveCfg = Release|Any CPU
		{3F922D92-8434-46D2-B16D-BC12631C72DD}.Mono-4.5|x86.Build.0 = Release|Any CPU
		{3F922D92-8434-46D2-B16D-BC12631C72DD}.Release|Any CPU.ActiveCfg = Release|Any CPU
		{3F922D92-8434-46D2-B16D-BC12631C72DD}.Release|Any CPU.Build.0 = Release|Any CPU
		{3F922D92-8434-46D2-B16D-BC12631C72DD}.Release|ARM.ActiveCfg = Release|Any CPU
		{3F922D92-8434-46D2-B16D-BC12631C72DD}.Release|ARM.Build.0 = Release|Any CPU
		{3F922D92-8434-46D2-B16D-BC12631C72DD}.Release|x64.ActiveCfg = Release|Any CPU
		{3F922D92-8434-46D2-B16D-BC12631C72DD}.Release|x64.Build.0 = Release|Any CPU
		{3F922D92-8434-46D2-B16D-BC12631C72DD}.Release|x86.ActiveCfg = Release|Any CPU
		{3F922D92-8434-46D2-B16D-BC12631C72DD}.Release|x86.Build.0 = Release|Any CPU
	EndGlobalSection
	GlobalSection(SolutionProperties) = preSolution
		HideSolutionNode = FALSE
	EndGlobalSection
	GlobalSection(NestedProjects) = preSolution
		{55BAE418-9468-4A62-A6FA-F92ECBEAD8A5} = {EFB763AD-9566-48EB-8917-3FBDA963BFF9}
		{A271F00E-6B4A-4149-9770-57A50E81A3ED} = {EFB763AD-9566-48EB-8917-3FBDA963BFF9}
		{662CE701-056D-420A-B03B-4F2613EEA044} = {73C120E4-D37F-41F7-9DFB-4315BEC3250A}
		{3F922D92-8434-46D2-B16D-BC12631C72DD} = {73C120E4-D37F-41F7-9DFB-4315BEC3250A}
	EndGlobalSection
EndGlobal
