
Microsoft Visual Studio Solution File, Format Version 12.00
# Visual Studio Version 17
VisualStudioVersion = 17.3.32929.385
MinimumVisualStudioVersion = 10.0.40219.1
Project("{FAE04EC0-301F-11D3-BF4B-00C04F79EFBC}") = "Rocket.Chat.Net.Tests", "test\Rocket.Chat.Net.Tests\Rocket.Chat.Net.Tests.csproj", "{55BAE418-9468-4A62-A6FA-F92ECBEAD8A5}"
EndProject
Project("{FAE04EC0-301F-11D3-BF4B-00C04F79EFBC}") = "Rocket.Chat.Net.Example", "src\Rocket.Chat.Net.Example\Rocket.Chat.Net.Example.csproj", "{EFB12AE6-706D-42B5-B2CC-54D60C4DC02B}"
EndProject
Project("{2150E333-8FDC-42A3-9474-1A3956D46DE8}") = "Tests", "Tests", "{EFB763AD-9566-48EB-8917-3FBDA963BFF9}"
EndProject
Project("{2150E333-8FDC-42A3-9474-1A3956D46DE8}") = ".nuget", ".nuget", "{7B016AD2-8407-470C-AA39-644A23F06D5E}"
	ProjectSection(SolutionItems) = preProject
		.nuget\packages.config = .nuget\packages.config
	EndProjectSection
EndProject
Project("{FAE04EC0-301F-11D3-BF4B-00C04F79EFBC}") = "Rocket.Chat.Net.Bot.Tests", "test\Rocket.Chat.Net.Bot.Tests\Rocket.Chat.Net.Bot.Tests.csproj", "{A271F00E-6B4A-4149-9770-57A50E81A3ED}"
EndProject
Project("{FAE04EC0-301F-11D3-BF4B-00C04F79EFBC}") = "Rocket.Chat.Net.Portability", "src\Portability\Rocket.Chat.Net.Portability\Rocket.Chat.Net.Portability.csproj", "{662CE701-056D-420A-B03B-4F2613EEA044}"
EndProject
Project("{2150E333-8FDC-42A3-9474-1A3956D46DE8}") = "Portability", "Portability", "{73C120E4-D37F-41F7-9DFB-4315BEC3250A}"
EndProject
Project("{FAE04EC0-301F-11D3-BF4B-00C04F79EFBC}") = "Rocket.Chat.Net.Portability.IOS", "src\Portability\Rocket.Chat.Net.Portability.IOS\Rocket.Chat.Net.Portability.IOS.csproj", "{69CE31FD-F90E-4D43-A781-E4B481EEC98B}"
EndProject
Project("{FAE04EC0-301F-11D3-BF4B-00C04F79EFBC}") = "Rocket.Chat.Net.Portability.Android", "src\Portability\Rocket.Chat.Net.Portability.Android\Rocket.Chat.Net.Portability.Android.csproj", "{2901648A-200E-4A54-AC1E-1AE63E4931E9}"
EndProject
Project("{FAE04EC0-301F-11D3-BF4B-00C04F79EFBC}") = "Rocket.Chat.Net.Portability.Net45", "src\Portability\Rocket.Chat.Net.Portability.Net45\Rocket.Chat.Net.Portability.Net45.csproj", "{3F922D92-8434-46D2-B16D-BC12631C72DD}"
EndProject
Project("{2150E333-8FDC-42A3-9474-1A3956D46DE8}") = "NuGet", "NuGet", "{C8A58FB6-F539-4E62-93F8-28B51E56D033}"
EndProject
Project("{FF286327-C783-4F7A-AB73-9BCBAD0D4460}") = "Rocket.Chat.Net.Portability.NuGet", "src\NuGet\Rocket.Chat.Net.Portability.NuGet\Rocket.Chat.Net.Portability.NuGet.nuproj", "{265E3A7B-4FB5-4A6B-845E-449AFBD16D88}"
EndProject
Project("{FF286327-C783-4F7A-AB73-9BCBAD0D4460}") = "Rocket.Chat.Net.NuGet", "src\NuGet\Rocket.Chat.Net.NuGet\Rocket.Chat.Net.NuGet.nuproj", "{094585D5-62DF-445D-A8B3-88CB137B0205}"
EndProject
Project("{FF286327-C783-4F7A-AB73-9BCBAD0D4460}") = "Rocket.Chat.Net.Bot.NuGet", "src\NuGet\Rocket.Chat.Net.Bot.NuGet\Rocket.Chat.Net.Bot.NuGet.nuproj", "{65631767-93F5-4F5B-875A-AA5FE4F6A80D}"
EndProject
Project("{FAE04EC0-301F-11D3-BF4B-00C04F79EFBC}") = "Rocket.Chat.Net", "src\Rocket.Chat.Net\Rocket.Chat.Net.csproj", "{7EA92634-49F8-416D-9DBC-661A83EA425C}"
EndProject
Project("{FAE04EC0-301F-11D3-BF4B-00C04F79EFBC}") = "Rocket.Chat.Net.Bot", "src\Rocket.Chat.Net.Bot\Rocket.Chat.Net.Bot.csproj", "{0C2862BE-2CFB-4890-B154-4B4E7753E11F}"
EndProject
Global
	GlobalSection(SolutionConfigurationPlatforms) = preSolution
		Debug|Any CPU = Debug|Any CPU
		Debug|ARM = Debug|ARM
		Debug|x64 = Debug|x64
		Debug|x86 = Debug|x86
		Mono-4.5|Any CPU = Mono-4.5|Any CPU
		Mono-4.5|ARM = Mono-4.5|ARM
		Mono-4.5|x64 = Mono-4.5|x64
		Mono-4.5|x86 = Mono-4.5|x86
		Release|Any CPU = Release|Any CPU
		Release|ARM = Release|ARM
		Release|x64 = Release|x64
		Release|x86 = Release|x86
	EndGlobalSection
	GlobalSection(ProjectConfigurationPlatforms) = postSolution
		{55BAE418-9468-4A62-A6FA-F92ECBEAD8A5}.Debug|Any CPU.ActiveCfg = Debug|Any CPU
		{55BAE418-9468-4A62-A6FA-F92ECBEAD8A5}.Debug|Any CPU.Build.0 = Debug|Any CPU
		{55BAE418-9468-4A62-A6FA-F92ECBEAD8A5}.Debug|ARM.ActiveCfg = Debug|Any CPU
		{55BAE418-9468-4A62-A6FA-F92ECBEAD8A5}.Debug|ARM.Build.0 = Debug|Any CPU
		{55BAE418-9468-4A62-A6FA-F92ECBEAD8A5}.Debug|x64.ActiveCfg = Debug|Any CPU
		{55BAE418-9468-4A62-A6FA-F92ECBEAD8A5}.Debug|x64.Build.0 = Debug|Any CPU
		{55BAE418-9468-4A62-A6FA-F92ECBEAD8A5}.Debug|x86.ActiveCfg = Debug|Any CPU
		{55BAE418-9468-4A62-A6FA-F92ECBEAD8A5}.Debug|x86.Build.0 = Debug|Any CPU
		{55BAE418-9468-4A62-A6FA-F92ECBEAD8A5}.Mono-4.5|Any CPU.ActiveCfg = Mono-4.5|Any CPU
		{55BAE418-9468-4A62-A6FA-F92ECBEAD8A5}.Mono-4.5|Any CPU.Build.0 = Mono-4.5|Any CPU
		{55BAE418-9468-4A62-A6FA-F92ECBEAD8A5}.Mono-4.5|ARM.ActiveCfg = Mono-4.5|Any CPU
		{55BAE418-9468-4A62-A6FA-F92ECBEAD8A5}.Mono-4.5|ARM.Build.0 = Mono-4.5|Any CPU
		{55BAE418-9468-4A62-A6FA-F92ECBEAD8A5}.Mono-4.5|x64.ActiveCfg = Mono-4.5|Any CPU
		{55BAE418-9468-4A62-A6FA-F92ECBEAD8A5}.Mono-4.5|x64.Build.0 = Mono-4.5|Any CPU
		{55BAE418-9468-4A62-A6FA-F92ECBEAD8A5}.Mono-4.5|x86.ActiveCfg = Mono-4.5|Any CPU
		{55BAE418-9468-4A62-A6FA-F92ECBEAD8A5}.Mono-4.5|x86.Build.0 = Mono-4.5|Any CPU
		{55BAE418-9468-4A62-A6FA-F92ECBEAD8A5}.Release|Any CPU.ActiveCfg = Release|Any CPU
		{55BAE418-9468-4A62-A6FA-F92ECBEAD8A5}.Release|Any CPU.Build.0 = Release|Any CPU
		{55BAE418-9468-4A62-A6FA-F92ECBEAD8A5}.Release|ARM.ActiveCfg = Release|Any CPU
		{55BAE418-9468-4A62-A6FA-F92ECBEAD8A5}.Release|ARM.Build.0 = Release|Any CPU
		{55BAE418-9468-4A62-A6FA-F92ECBEAD8A5}.Release|x64.ActiveCfg = Release|Any CPU
		{55BAE418-9468-4A62-A6FA-F92ECBEAD8A5}.Release|x64.Build.0 = Release|Any CPU
		{55BAE418-9468-4A62-A6FA-F92ECBEAD8A5}.Release|x86.ActiveCfg = Release|Any CPU
		{55BAE418-9468-4A62-A6FA-F92ECBEAD8A5}.Release|x86.Build.0 = Release|Any CPU
		{EFB12AE6-706D-42B5-B2CC-54D60C4DC02B}.Debug|Any CPU.ActiveCfg = Debug|Any CPU
		{EFB12AE6-706D-42B5-B2CC-54D60C4DC02B}.Debug|Any CPU.Build.0 = Debug|Any CPU
		{EFB12AE6-706D-42B5-B2CC-54D60C4DC02B}.Debug|ARM.ActiveCfg = Debug|Any CPU
		{EFB12AE6-706D-42B5-B2CC-54D60C4DC02B}.Debug|ARM.Build.0 = Debug|Any CPU
		{EFB12AE6-706D-42B5-B2CC-54D60C4DC02B}.Debug|x64.ActiveCfg = Debug|Any CPU
		{EFB12AE6-706D-42B5-B2CC-54D60C4DC02B}.Debug|x64.Build.0 = Debug|Any CPU
		{EFB12AE6-706D-42B5-B2CC-54D60C4DC02B}.Debug|x86.ActiveCfg = Debug|Any CPU
		{EFB12AE6-706D-42B5-B2CC-54D60C4DC02B}.Debug|x86.Build.0 = Debug|Any CPU
		{EFB12AE6-706D-42B5-B2CC-54D60C4DC02B}.Mono-4.5|Any CPU.ActiveCfg = Mono-4.5|Any CPU
		{EFB12AE6-706D-42B5-B2CC-54D60C4DC02B}.Mono-4.5|Any CPU.Build.0 = Mono-4.5|Any CPU
		{EFB12AE6-706D-42B5-B2CC-54D60C4DC02B}.Mono-4.5|ARM.ActiveCfg = Mono-4.5|Any CPU
		{EFB12AE6-706D-42B5-B2CC-54D60C4DC02B}.Mono-4.5|ARM.Build.0 = Mono-4.5|Any CPU
		{EFB12AE6-706D-42B5-B2CC-54D60C4DC02B}.Mono-4.5|x64.ActiveCfg = Mono-4.5|Any CPU
		{EFB12AE6-706D-42B5-B2CC-54D60C4DC02B}.Mono-4.5|x64.Build.0 = Mono-4.5|Any CPU
		{EFB12AE6-706D-42B5-B2CC-54D60C4DC02B}.Mono-4.5|x86.ActiveCfg = Mono-4.5|Any CPU
		{EFB12AE6-706D-42B5-B2CC-54D60C4DC02B}.Mono-4.5|x86.Build.0 = Mono-4.5|Any CPU
		{EFB12AE6-706D-42B5-B2CC-54D60C4DC02B}.Release|Any CPU.ActiveCfg = Release|Any CPU
		{EFB12AE6-706D-42B5-B2CC-54D60C4DC02B}.Release|Any CPU.Build.0 = Release|Any CPU
		{EFB12AE6-706D-42B5-B2CC-54D60C4DC02B}.Release|ARM.ActiveCfg = Release|Any CPU
		{EFB12AE6-706D-42B5-B2CC-54D60C4DC02B}.Release|ARM.Build.0 = Release|Any CPU
		{EFB12AE6-706D-42B5-B2CC-54D60C4DC02B}.Release|x64.ActiveCfg = Release|Any CPU
		{EFB12AE6-706D-42B5-B2CC-54D60C4DC02B}.Release|x64.Build.0 = Release|Any CPU
		{EFB12AE6-706D-42B5-B2CC-54D60C4DC02B}.Release|x86.ActiveCfg = Release|Any CPU
		{EFB12AE6-706D-42B5-B2CC-54D60C4DC02B}.Release|x86.Build.0 = Release|Any CPU
		{A271F00E-6B4A-4149-9770-57A50E81A3ED}.Debug|Any CPU.ActiveCfg = Debug|Any CPU
		{A271F00E-6B4A-4149-9770-57A50E81A3ED}.Debug|Any CPU.Build.0 = Debug|Any CPU
		{A271F00E-6B4A-4149-9770-57A50E81A3ED}.Debug|ARM.ActiveCfg = Debug|Any CPU
		{A271F00E-6B4A-4149-9770-57A50E81A3ED}.Debug|ARM.Build.0 = Debug|Any CPU
		{A271F00E-6B4A-4149-9770-57A50E81A3ED}.Debug|x64.ActiveCfg = Debug|Any CPU
		{A271F00E-6B4A-4149-9770-57A50E81A3ED}.Debug|x64.Build.0 = Debug|Any CPU
		{A271F00E-6B4A-4149-9770-57A50E81A3ED}.Debug|x86.ActiveCfg = Debug|Any CPU
		{A271F00E-6B4A-4149-9770-57A50E81A3ED}.Debug|x86.Build.0 = Debug|Any CPU
		{A271F00E-6B4A-4149-9770-57A50E81A3ED}.Mono-4.5|Any CPU.ActiveCfg = Release|Any CPU
		{A271F00E-6B4A-4149-9770-57A50E81A3ED}.Mono-4.5|Any CPU.Build.0 = Release|Any CPU
		{A271F00E-6B4A-4149-9770-57A50E81A3ED}.Mono-4.5|ARM.ActiveCfg = Release|Any CPU
		{A271F00E-6B4A-4149-9770-57A50E81A3ED}.Mono-4.5|ARM.Build.0 = Release|Any CPU
		{A271F00E-6B4A-4149-9770-57A50E81A3ED}.Mono-4.5|x64.ActiveCfg = Release|Any CPU
		{A271F00E-6B4A-4149-9770-57A50E81A3ED}.Mono-4.5|x64.Build.0 = Release|Any CPU
		{A271F00E-6B4A-4149-9770-57A50E81A3ED}.Mono-4.5|x86.ActiveCfg = Release|Any CPU
		{A271F00E-6B4A-4149-9770-57A50E81A3ED}.Mono-4.5|x86.Build.0 = Release|Any CPU
		{A271F00E-6B4A-4149-9770-57A50E81A3ED}.Release|Any CPU.ActiveCfg = Release|Any CPU
		{A271F00E-6B4A-4149-9770-57A50E81A3ED}.Release|Any CPU.Build.0 = Release|Any CPU
		{A271F00E-6B4A-4149-9770-57A50E81A3ED}.Release|ARM.ActiveCfg = Release|Any CPU
		{A271F00E-6B4A-4149-9770-57A50E81A3ED}.Release|ARM.Build.0 = Release|Any CPU
		{A271F00E-6B4A-4149-9770-57A50E81A3ED}.Release|x64.ActiveCfg = Release|Any CPU
		{A271F00E-6B4A-4149-9770-57A50E81A3ED}.Release|x64.Build.0 = Release|Any CPU
		{A271F00E-6B4A-4149-9770-57A50E81A3ED}.Release|x86.ActiveCfg = Release|Any CPU
		{A271F00E-6B4A-4149-9770-57A50E81A3ED}.Release|x86.Build.0 = Release|Any CPU
		{662CE701-056D-420A-B03B-4F2613EEA044}.Debug|Any CPU.ActiveCfg = Debug|Any CPU
		{662CE701-056D-420A-B03B-4F2613EEA044}.Debug|Any CPU.Build.0 = Debug|Any CPU
		{662CE701-056D-420A-B03B-4F2613EEA044}.Debug|ARM.ActiveCfg = Debug|Any CPU
		{662CE701-056D-420A-B03B-4F2613EEA044}.Debug|ARM.Build.0 = Debug|Any CPU
		{662CE701-056D-420A-B03B-4F2613EEA044}.Debug|x64.ActiveCfg = Debug|Any CPU
		{662CE701-056D-420A-B03B-4F2613EEA044}.Debug|x64.Build.0 = Debug|Any CPU
		{662CE701-056D-420A-B03B-4F2613EEA044}.Debug|x86.ActiveCfg = Debug|Any CPU
		{662CE701-056D-420A-B03B-4F2613EEA044}.Debug|x86.Build.0 = Debug|Any CPU
		{662CE701-056D-420A-B03B-4F2613EEA044}.Mono-4.5|Any CPU.ActiveCfg = Release|Any CPU
		{662CE701-056D-420A-B03B-4F2613EEA044}.Mono-4.5|Any CPU.Build.0 = Release|Any CPU
		{662CE701-056D-420A-B03B-4F2613EEA044}.Mono-4.5|ARM.ActiveCfg = Release|Any CPU
		{662CE701-056D-420A-B03B-4F2613EEA044}.Mono-4.5|ARM.Build.0 = Release|Any CPU
		{662CE701-056D-420A-B03B-4F2613EEA044}.Mono-4.5|x64.ActiveCfg = Release|Any CPU
		{662CE701-056D-420A-B03B-4F2613EEA044}.Mono-4.5|x64.Build.0 = Release|Any CPU
		{662CE701-056D-420A-B03B-4F2613EEA044}.Mono-4.5|x86.ActiveCfg = Release|Any CPU
		{662CE701-056D-420A-B03B-4F2613EEA044}.Mono-4.5|x86.Build.0 = Release|Any CPU
		{662CE701-056D-420A-B03B-4F2613EEA044}.Release|Any CPU.ActiveCfg = Release|Any CPU
		{662CE701-056D-420A-B03B-4F2613EEA044}.Release|Any CPU.Build.0 = Release|Any CPU
		{662CE701-056D-420A-B03B-4F2613EEA044}.Release|ARM.ActiveCfg = Release|Any CPU
		{662CE701-056D-420A-B03B-4F2613EEA044}.Release|ARM.Build.0 = Release|Any CPU
		{662CE701-056D-420A-B03B-4F2613EEA044}.Release|x64.ActiveCfg = Release|Any CPU
		{662CE701-056D-420A-B03B-4F2613EEA044}.Release|x64.Build.0 = Release|Any CPU
		{662CE701-056D-420A-B03B-4F2613EEA044}.Release|x86.ActiveCfg = Release|Any CPU
		{662CE701-056D-420A-B03B-4F2613EEA044}.Release|x86.Build.0 = Release|Any CPU
		{69CE31FD-F90E-4D43-A781-E4B481EEC98B}.Debug|Any CPU.ActiveCfg = Debug|Any CPU
		{69CE31FD-F90E-4D43-A781-E4B481EEC98B}.Debug|Any CPU.Build.0 = Debug|Any CPU
		{69CE31FD-F90E-4D43-A781-E4B481EEC98B}.Debug|ARM.ActiveCfg = Debug|Any CPU
		{69CE31FD-F90E-4D43-A781-E4B481EEC98B}.Debug|ARM.Build.0 = Debug|Any CPU
		{69CE31FD-F90E-4D43-A781-E4B481EEC98B}.Debug|x64.ActiveCfg = Debug|Any CPU
		{69CE31FD-F90E-4D43-A781-E4B481EEC98B}.Debug|x64.Build.0 = Debug|Any CPU
		{69CE31FD-F90E-4D43-A781-E4B481EEC98B}.Debug|x86.ActiveCfg = Debug|Any CPU
		{69CE31FD-F90E-4D43-A781-E4B481EEC98B}.Debug|x86.Build.0 = Debug|Any CPU
		{69CE31FD-F90E-4D43-A781-E4B481EEC98B}.Mono-4.5|Any CPU.ActiveCfg = Release|Any CPU
		{69CE31FD-F90E-4D43-A781-E4B481EEC98B}.Mono-4.5|Any CPU.Build.0 = Release|Any CPU
		{69CE31FD-F90E-4D43-A781-E4B481EEC98B}.Mono-4.5|ARM.ActiveCfg = Release|Any CPU
		{69CE31FD-F90E-4D43-A781-E4B481EEC98B}.Mono-4.5|ARM.Build.0 = Release|Any CPU
		{69CE31FD-F90E-4D43-A781-E4B481EEC98B}.Mono-4.5|x64.ActiveCfg = Release|Any CPU
		{69CE31FD-F90E-4D43-A781-E4B481EEC98B}.Mono-4.5|x64.Build.0 = Release|Any CPU
		{69CE31FD-F90E-4D43-A781-E4B481EEC98B}.Mono-4.5|x86.ActiveCfg = Release|Any CPU
		{69CE31FD-F90E-4D43-A781-E4B481EEC98B}.Mono-4.5|x86.Build.0 = Release|Any CPU
		{69CE31FD-F90E-4D43-A781-E4B481EEC98B}.Release|Any CPU.ActiveCfg = Release|Any CPU
		{69CE31FD-F90E-4D43-A781-E4B481EEC98B}.Release|Any CPU.Build.0 = Release|Any CPU
		{69CE31FD-F90E-4D43-A781-E4B481EEC98B}.Release|ARM.ActiveCfg = Release|Any CPU
		{69CE31FD-F90E-4D43-A781-E4B481EEC98B}.Release|ARM.Build.0 = Release|Any CPU
		{69CE31FD-F90E-4D43-A781-E4B481EEC98B}.Release|x64.ActiveCfg = Release|Any CPU
		{69CE31FD-F90E-4D43-A781-E4B481EEC98B}.Release|x64.Build.0 = Release|Any CPU
		{69CE31FD-F90E-4D43-A781-E4B481EEC98B}.Release|x86.ActiveCfg = Release|Any CPU
		{69CE31FD-F90E-4D43-A781-E4B481EEC98B}.Release|x86.Build.0 = Release|Any CPU
		{2901648A-200E-4A54-AC1E-1AE63E4931E9}.Debug|Any CPU.ActiveCfg = Debug|Any CPU
		{2901648A-200E-4A54-AC1E-1AE63E4931E9}.Debug|Any CPU.Build.0 = Debug|Any CPU
		{2901648A-200E-4A54-AC1E-1AE63E4931E9}.Debug|ARM.ActiveCfg = Debug|Any CPU
		{2901648A-200E-4A54-AC1E-1AE63E4931E9}.Debug|ARM.Build.0 = Debug|Any CPU
		{2901648A-200E-4A54-AC1E-1AE63E4931E9}.Debug|x64.ActiveCfg = Debug|Any CPU
		{2901648A-200E-4A54-AC1E-1AE63E4931E9}.Debug|x64.Build.0 = Debug|Any CPU
		{2901648A-200E-4A54-AC1E-1AE63E4931E9}.Debug|x86.ActiveCfg = Debug|Any CPU
		{2901648A-200E-4A54-AC1E-1AE63E4931E9}.Debug|x86.Build.0 = Debug|Any CPU
		{2901648A-200E-4A54-AC1E-1AE63E4931E9}.Mono-4.5|Any CPU.ActiveCfg = Release|Any CPU
		{2901648A-200E-4A54-AC1E-1AE63E4931E9}.Mono-4.5|Any CPU.Build.0 = Release|Any CPU
		{2901648A-200E-4A54-AC1E-1AE63E4931E9}.Mono-4.5|ARM.ActiveCfg = Release|Any CPU
		{2901648A-200E-4A54-AC1E-1AE63E4931E9}.Mono-4.5|ARM.Build.0 = Release|Any CPU
		{2901648A-200E-4A54-AC1E-1AE63E4931E9}.Mono-4.5|x64.ActiveCfg = Release|Any CPU
		{2901648A-200E-4A54-AC1E-1AE63E4931E9}.Mono-4.5|x64.Build.0 = Release|Any CPU
		{2901648A-200E-4A54-AC1E-1AE63E4931E9}.Mono-4.5|x86.ActiveCfg = Release|Any CPU
		{2901648A-200E-4A54-AC1E-1AE63E4931E9}.Mono-4.5|x86.Build.0 = Release|Any CPU
		{2901648A-200E-4A54-AC1E-1AE63E4931E9}.Release|Any CPU.ActiveCfg = Release|Any CPU
		{2901648A-200E-4A54-AC1E-1AE63E4931E9}.Release|Any CPU.Build.0 = Release|Any CPU
		{2901648A-200E-4A54-AC1E-1AE63E4931E9}.Release|ARM.ActiveCfg = Release|Any CPU
		{2901648A-200E-4A54-AC1E-1AE63E4931E9}.Release|ARM.Build.0 = Release|Any CPU
		{2901648A-200E-4A54-AC1E-1AE63E4931E9}.Release|x64.ActiveCfg = Release|Any CPU
		{2901648A-200E-4A54-AC1E-1AE63E4931E9}.Release|x64.Build.0 = Release|Any CPU
		{2901648A-200E-4A54-AC1E-1AE63E4931E9}.Release|x86.ActiveCfg = Release|Any CPU
		{2901648A-200E-4A54-AC1E-1AE63E4931E9}.Release|x86.Build.0 = Release|Any CPU
		{3F922D92-8434-46D2-B16D-BC12631C72DD}.Debug|Any CPU.ActiveCfg = Debug|Any CPU
		{3F922D92-8434-46D2-B16D-BC12631C72DD}.Debug|Any CPU.Build.0 = Debug|Any CPU
		{3F922D92-8434-46D2-B16D-BC12631C72DD}.Debug|ARM.ActiveCfg = Debug|Any CPU
		{3F922D92-8434-46D2-B16D-BC12631C72DD}.Debug|ARM.Build.0 = Debug|Any CPU
		{3F922D92-8434-46D2-B16D-BC12631C72DD}.Debug|x64.ActiveCfg = Debug|Any CPU
		{3F922D92-8434-46D2-B16D-BC12631C72DD}.Debug|x64.Build.0 = Debug|Any CPU
		{3F922D92-8434-46D2-B16D-BC12631C72DD}.Debug|x86.ActiveCfg = Debug|Any CPU
		{3F922D92-8434-46D2-B16D-BC12631C72DD}.Debug|x86.Build.0 = Debug|Any CPU
		{3F922D92-8434-46D2-B16D-BC12631C72DD}.Mono-4.5|Any CPU.ActiveCfg = Release|Any CPU
		{3F922D92-8434-46D2-B16D-BC12631C72DD}.Mono-4.5|Any CPU.Build.0 = Release|Any CPU
		{3F922D92-8434-46D2-B16D-BC12631C72DD}.Mono-4.5|ARM.ActiveCfg = Release|Any CPU
		{3F922D92-8434-46D2-B16D-BC12631C72DD}.Mono-4.5|ARM.Build.0 = Release|Any CPU
		{3F922D92-8434-46D2-B16D-BC12631C72DD}.Mono-4.5|x64.ActiveCfg = Release|Any CPU
		{3F922D92-8434-46D2-B16D-BC12631C72DD}.Mono-4.5|x64.Build.0 = Release|Any CPU
		{3F922D92-8434-46D2-B16D-BC12631C72DD}.Mono-4.5|x86.ActiveCfg = Release|Any CPU
		{3F922D92-8434-46D2-B16D-BC12631C72DD}.Mono-4.5|x86.Build.0 = Release|Any CPU
		{3F922D92-8434-46D2-B16D-BC12631C72DD}.Release|Any CPU.ActiveCfg = Release|Any CPU
		{3F922D92-8434-46D2-B16D-BC12631C72DD}.Release|Any CPU.Build.0 = Release|Any CPU
		{3F922D92-8434-46D2-B16D-BC12631C72DD}.Release|ARM.ActiveCfg = Release|Any CPU
		{3F922D92-8434-46D2-B16D-BC12631C72DD}.Release|ARM.Build.0 = Release|Any CPU
		{3F922D92-8434-46D2-B16D-BC12631C72DD}.Release|x64.ActiveCfg = Release|Any CPU
		{3F922D92-8434-46D2-B16D-BC12631C72DD}.Release|x64.Build.0 = Release|Any CPU
		{3F922D92-8434-46D2-B16D-BC12631C72DD}.Release|x86.ActiveCfg = Release|Any CPU
		{3F922D92-8434-46D2-B16D-BC12631C72DD}.Release|x86.Build.0 = Release|Any CPU
		{265E3A7B-4FB5-4A6B-845E-449AFBD16D88}.Debug|Any CPU.ActiveCfg = Debug|Any CPU
		{265E3A7B-4FB5-4A6B-845E-449AFBD16D88}.Debug|Any CPU.Build.0 = Debug|Any CPU
		{265E3A7B-4FB5-4A6B-845E-449AFBD16D88}.Debug|ARM.ActiveCfg = Debug|Any CPU
		{265E3A7B-4FB5-4A6B-845E-449AFBD16D88}.Debug|ARM.Build.0 = Debug|Any CPU
		{265E3A7B-4FB5-4A6B-845E-449AFBD16D88}.Debug|x64.ActiveCfg = Debug|Any CPU
		{265E3A7B-4FB5-4A6B-845E-449AFBD16D88}.Debug|x64.Build.0 = Debug|Any CPU
		{265E3A7B-4FB5-4A6B-845E-449AFBD16D88}.Debug|x86.ActiveCfg = Debug|Any CPU
		{265E3A7B-4FB5-4A6B-845E-449AFBD16D88}.Debug|x86.Build.0 = Debug|Any CPU
		{265E3A7B-4FB5-4A6B-845E-449AFBD16D88}.Mono-4.5|Any CPU.ActiveCfg = Debug|Any CPU
		{265E3A7B-4FB5-4A6B-845E-449AFBD16D88}.Mono-4.5|Any CPU.Build.0 = Debug|Any CPU
		{265E3A7B-4FB5-4A6B-845E-449AFBD16D88}.Mono-4.5|ARM.ActiveCfg = Debug|Any CPU
		{265E3A7B-4FB5-4A6B-845E-449AFBD16D88}.Mono-4.5|ARM.Build.0 = Debug|Any CPU
		{265E3A7B-4FB5-4A6B-845E-449AFBD16D88}.Mono-4.5|x64.ActiveCfg = Debug|Any CPU
		{265E3A7B-4FB5-4A6B-845E-449AFBD16D88}.Mono-4.5|x64.Build.0 = Debug|Any CPU
		{265E3A7B-4FB5-4A6B-845E-449AFBD16D88}.Mono-4.5|x86.ActiveCfg = Debug|Any CPU
		{265E3A7B-4FB5-4A6B-845E-449AFBD16D88}.Mono-4.5|x86.Build.0 = Debug|Any CPU
		{265E3A7B-4FB5-4A6B-845E-449AFBD16D88}.Release|Any CPU.ActiveCfg = Release|Any CPU
		{265E3A7B-4FB5-4A6B-845E-449AFBD16D88}.Release|Any CPU.Build.0 = Release|Any CPU
		{265E3A7B-4FB5-4A6B-845E-449AFBD16D88}.Release|ARM.ActiveCfg = Release|Any CPU
		{265E3A7B-4FB5-4A6B-845E-449AFBD16D88}.Release|ARM.Build.0 = Release|Any CPU
		{265E3A7B-4FB5-4A6B-845E-449AFBD16D88}.Release|x64.ActiveCfg = Release|Any CPU
		{265E3A7B-4FB5-4A6B-845E-449AFBD16D88}.Release|x64.Build.0 = Release|Any CPU
		{265E3A7B-4FB5-4A6B-845E-449AFBD16D88}.Release|x86.ActiveCfg = Release|Any CPU
		{265E3A7B-4FB5-4A6B-845E-449AFBD16D88}.Release|x86.Build.0 = Release|Any CPU
		{094585D5-62DF-445D-A8B3-88CB137B0205}.Debug|Any CPU.ActiveCfg = Debug|Any CPU
		{094585D5-62DF-445D-A8B3-88CB137B0205}.Debug|Any CPU.Build.0 = Debug|Any CPU
		{094585D5-62DF-445D-A8B3-88CB137B0205}.Debug|ARM.ActiveCfg = Debug|Any CPU
		{094585D5-62DF-445D-A8B3-88CB137B0205}.Debug|ARM.Build.0 = Debug|Any CPU
		{094585D5-62DF-445D-A8B3-88CB137B0205}.Debug|x64.ActiveCfg = Debug|Any CPU
		{094585D5-62DF-445D-A8B3-88CB137B0205}.Debug|x64.Build.0 = Debug|Any CPU
		{094585D5-62DF-445D-A8B3-88CB137B0205}.Debug|x86.ActiveCfg = Debug|Any CPU
		{094585D5-62DF-445D-A8B3-88CB137B0205}.Debug|x86.Build.0 = Debug|Any CPU
		{094585D5-62DF-445D-A8B3-88CB137B0205}.Mono-4.5|Any CPU.ActiveCfg = Debug|Any CPU
		{094585D5-62DF-445D-A8B3-88CB137B0205}.Mono-4.5|Any CPU.Build.0 = Debug|Any CPU
		{094585D5-62DF-445D-A8B3-88CB137B0205}.Mono-4.5|ARM.ActiveCfg = Debug|Any CPU
		{094585D5-62DF-445D-A8B3-88CB137B0205}.Mono-4.5|ARM.Build.0 = Debug|Any CPU
		{094585D5-62DF-445D-A8B3-88CB137B0205}.Mono-4.5|x64.ActiveCfg = Debug|Any CPU
		{094585D5-62DF-445D-A8B3-88CB137B0205}.Mono-4.5|x64.Build.0 = Debug|Any CPU
		{094585D5-62DF-445D-A8B3-88CB137B0205}.Mono-4.5|x86.ActiveCfg = Debug|Any CPU
		{094585D5-62DF-445D-A8B3-88CB137B0205}.Mono-4.5|x86.Build.0 = Debug|Any CPU
		{094585D5-62DF-445D-A8B3-88CB137B0205}.Release|Any CPU.ActiveCfg = Release|Any CPU
		{094585D5-62DF-445D-A8B3-88CB137B0205}.Release|Any CPU.Build.0 = Release|Any CPU
		{094585D5-62DF-445D-A8B3-88CB137B0205}.Release|ARM.ActiveCfg = Release|Any CPU
		{094585D5-62DF-445D-A8B3-88CB137B0205}.Release|ARM.Build.0 = Release|Any CPU
		{094585D5-62DF-445D-A8B3-88CB137B0205}.Release|x64.ActiveCfg = Release|Any CPU
		{094585D5-62DF-445D-A8B3-88CB137B0205}.Release|x64.Build.0 = Release|Any CPU
		{094585D5-62DF-445D-A8B3-88CB137B0205}.Release|x86.ActiveCfg = Release|Any CPU
		{094585D5-62DF-445D-A8B3-88CB137B0205}.Release|x86.Build.0 = Release|Any CPU
		{65631767-93F5-4F5B-875A-AA5FE4F6A80D}.Debug|Any CPU.ActiveCfg = Debug|Any CPU
		{65631767-93F5-4F5B-875A-AA5FE4F6A80D}.Debug|Any CPU.Build.0 = Debug|Any CPU
		{65631767-93F5-4F5B-875A-AA5FE4F6A80D}.Debug|ARM.ActiveCfg = Debug|Any CPU
		{65631767-93F5-4F5B-875A-AA5FE4F6A80D}.Debug|ARM.Build.0 = Debug|Any CPU
		{65631767-93F5-4F5B-875A-AA5FE4F6A80D}.Debug|x64.ActiveCfg = Debug|Any CPU
		{65631767-93F5-4F5B-875A-AA5FE4F6A80D}.Debug|x64.Build.0 = Debug|Any CPU
		{65631767-93F5-4F5B-875A-AA5FE4F6A80D}.Debug|x86.ActiveCfg = Debug|Any CPU
		{65631767-93F5-4F5B-875A-AA5FE4F6A80D}.Debug|x86.Build.0 = Debug|Any CPU
		{65631767-93F5-4F5B-875A-AA5FE4F6A80D}.Mono-4.5|Any CPU.ActiveCfg = Debug|Any CPU
		{65631767-93F5-4F5B-875A-AA5FE4F6A80D}.Mono-4.5|Any CPU.Build.0 = Debug|Any CPU
		{65631767-93F5-4F5B-875A-AA5FE4F6A80D}.Mono-4.5|ARM.ActiveCfg = Debug|Any CPU
		{65631767-93F5-4F5B-875A-AA5FE4F6A80D}.Mono-4.5|ARM.Build.0 = Debug|Any CPU
		{65631767-93F5-4F5B-875A-AA5FE4F6A80D}.Mono-4.5|x64.ActiveCfg = Debug|Any CPU
		{65631767-93F5-4F5B-875A-AA5FE4F6A80D}.Mono-4.5|x64.Build.0 = Debug|Any CPU
		{65631767-93F5-4F5B-875A-AA5FE4F6A80D}.Mono-4.5|x86.ActiveCfg = Debug|Any CPU
		{65631767-93F5-4F5B-875A-AA5FE4F6A80D}.Mono-4.5|x86.Build.0 = Debug|Any CPU
		{65631767-93F5-4F5B-875A-AA5FE4F6A80D}.Release|Any CPU.ActiveCfg = Release|Any CPU
		{65631767-93F5-4F5B-875A-AA5FE4F6A80D}.Release|Any CPU.Build.0 = Release|Any CPU
		{65631767-93F5-4F5B-875A-AA5FE4F6A80D}.Release|ARM.ActiveCfg = Release|Any CPU
		{65631767-93F5-4F5B-875A-AA5FE4F6A80D}.Release|ARM.Build.0 = Release|Any CPU
		{65631767-93F5-4F5B-875A-AA5FE4F6A80D}.Release|x64.ActiveCfg = Release|Any CPU
		{65631767-93F5-4F5B-875A-AA5FE4F6A80D}.Release|x64.Build.0 = Release|Any CPU
		{65631767-93F5-4F5B-875A-AA5FE4F6A80D}.Release|x86.ActiveCfg = Release|Any CPU
		{65631767-93F5-4F5B-875A-AA5FE4F6A80D}.Release|x86.Build.0 = Release|Any CPU
		{7EA92634-49F8-416D-9DBC-661A83EA425C}.Debug|Any CPU.ActiveCfg = Debug|Any CPU
		{7EA92634-49F8-416D-9DBC-661A83EA425C}.Debug|Any CPU.Build.0 = Debug|Any CPU
		{7EA92634-49F8-416D-9DBC-661A83EA425C}.Debug|ARM.ActiveCfg = Debug|Any CPU
		{7EA92634-49F8-416D-9DBC-661A83EA425C}.Debug|ARM.Build.0 = Debug|Any CPU
		{7EA92634-49F8-416D-9DBC-661A83EA425C}.Debug|x64.ActiveCfg = Debug|Any CPU
		{7EA92634-49F8-416D-9DBC-661A83EA425C}.Debug|x64.Build.0 = Debug|Any CPU
		{7EA92634-49F8-416D-9DBC-661A83EA425C}.Debug|x86.ActiveCfg = Debug|Any CPU
		{7EA92634-49F8-416D-9DBC-661A83EA425C}.Debug|x86.Build.0 = Debug|Any CPU
		{7EA92634-49F8-416D-9DBC-661A83EA425C}.Mono-4.5|Any CPU.ActiveCfg = Debug|Any CPU
		{7EA92634-49F8-416D-9DBC-661A83EA425C}.Mono-4.5|Any CPU.Build.0 = Debug|Any CPU
		{7EA92634-49F8-416D-9DBC-661A83EA425C}.Mono-4.5|ARM.ActiveCfg = Debug|Any CPU
		{7EA92634-49F8-416D-9DBC-661A83EA425C}.Mono-4.5|ARM.Build.0 = Debug|Any CPU
		{7EA92634-49F8-416D-9DBC-661A83EA425C}.Mono-4.5|x64.ActiveCfg = Debug|Any CPU
		{7EA92634-49F8-416D-9DBC-661A83EA425C}.Mono-4.5|x64.Build.0 = Debug|Any CPU
		{7EA92634-49F8-416D-9DBC-661A83EA425C}.Mono-4.5|x86.ActiveCfg = Debug|Any CPU
		{7EA92634-49F8-416D-9DBC-661A83EA425C}.Mono-4.5|x86.Build.0 = Debug|Any CPU
		{7EA92634-49F8-416D-9DBC-661A83EA425C}.Release|Any CPU.ActiveCfg = Release|Any CPU
		{7EA92634-49F8-416D-9DBC-661A83EA425C}.Release|Any CPU.Build.0 = Release|Any CPU
		{7EA92634-49F8-416D-9DBC-661A83EA425C}.Release|ARM.ActiveCfg = Release|Any CPU
		{7EA92634-49F8-416D-9DBC-661A83EA425C}.Release|ARM.Build.0 = Release|Any CPU
		{7EA92634-49F8-416D-9DBC-661A83EA425C}.Release|x64.ActiveCfg = Release|Any CPU
		{7EA92634-49F8-416D-9DBC-661A83EA425C}.Release|x64.Build.0 = Release|Any CPU
		{7EA92634-49F8-416D-9DBC-661A83EA425C}.Release|x86.ActiveCfg = Release|Any CPU
		{7EA92634-49F8-416D-9DBC-661A83EA425C}.Release|x86.Build.0 = Release|Any CPU
		{0C2862BE-2CFB-4890-B154-4B4E7753E11F}.Debug|Any CPU.ActiveCfg = Debug|Any CPU
		{0C2862BE-2CFB-4890-B154-4B4E7753E11F}.Debug|Any CPU.Build.0 = Debug|Any CPU
		{0C2862BE-2CFB-4890-B154-4B4E7753E11F}.Debug|ARM.ActiveCfg = Debug|Any CPU
		{0C2862BE-2CFB-4890-B154-4B4E7753E11F}.Debug|ARM.Build.0 = Debug|Any CPU
		{0C2862BE-2CFB-4890-B154-4B4E7753E11F}.Debug|x64.ActiveCfg = Debug|Any CPU
		{0C2862BE-2CFB-4890-B154-4B4E7753E11F}.Debug|x64.Build.0 = Debug|Any CPU
		{0C2862BE-2CFB-4890-B154-4B4E7753E11F}.Debug|x86.ActiveCfg = Debug|Any CPU
		{0C2862BE-2CFB-4890-B154-4B4E7753E11F}.Debug|x86.Build.0 = Debug|Any CPU
		{0C2862BE-2CFB-4890-B154-4B4E7753E11F}.Mono-4.5|Any CPU.ActiveCfg = Debug|Any CPU
		{0C2862BE-2CFB-4890-B154-4B4E7753E11F}.Mono-4.5|Any CPU.Build.0 = Debug|Any CPU
		{0C2862BE-2CFB-4890-B154-4B4E7753E11F}.Mono-4.5|ARM.ActiveCfg = Debug|Any CPU
		{0C2862BE-2CFB-4890-B154-4B4E7753E11F}.Mono-4.5|ARM.Build.0 = Debug|Any CPU
		{0C2862BE-2CFB-4890-B154-4B4E7753E11F}.Mono-4.5|x64.ActiveCfg = Debug|Any CPU
		{0C2862BE-2CFB-4890-B154-4B4E7753E11F}.Mono-4.5|x64.Build.0 = Debug|Any CPU
		{0C2862BE-2CFB-4890-B154-4B4E7753E11F}.Mono-4.5|x86.ActiveCfg = Debug|Any CPU
		{0C2862BE-2CFB-4890-B154-4B4E7753E11F}.Mono-4.5|x86.Build.0 = Debug|Any CPU
		{0C2862BE-2CFB-4890-B154-4B4E7753E11F}.Release|Any CPU.ActiveCfg = Release|Any CPU
		{0C2862BE-2CFB-4890-B154-4B4E7753E11F}.Release|Any CPU.Build.0 = Release|Any CPU
		{0C2862BE-2CFB-4890-B154-4B4E7753E11F}.Release|ARM.ActiveCfg = Release|Any CPU
		{0C2862BE-2CFB-4890-B154-4B4E7753E11F}.Release|ARM.Build.0 = Release|Any CPU
		{0C2862BE-2CFB-4890-B154-4B4E7753E11F}.Release|x64.ActiveCfg = Release|Any CPU
		{0C2862BE-2CFB-4890-B154-4B4E7753E11F}.Release|x64.Build.0 = Release|Any CPU
		{0C2862BE-2CFB-4890-B154-4B4E7753E11F}.Release|x86.ActiveCfg = Release|Any CPU
		{0C2862BE-2CFB-4890-B154-4B4E7753E11F}.Release|x86.Build.0 = Release|Any CPU
	EndGlobalSection
	GlobalSection(SolutionProperties) = preSolution
		HideSolutionNode = FALSE
	EndGlobalSection
	GlobalSection(NestedProjects) = preSolution
		{55BAE418-9468-4A62-A6FA-F92ECBEAD8A5} = {EFB763AD-9566-48EB-8917-3FBDA963BFF9}
		{A271F00E-6B4A-4149-9770-57A50E81A3ED} = {EFB763AD-9566-48EB-8917-3FBDA963BFF9}
		{662CE701-056D-420A-B03B-4F2613EEA044} = {73C120E4-D37F-41F7-9DFB-4315BEC3250A}
		{69CE31FD-F90E-4D43-A781-E4B481EEC98B} = {73C120E4-D37F-41F7-9DFB-4315BEC3250A}
		{2901648A-200E-4A54-AC1E-1AE63E4931E9} = {73C120E4-D37F-41F7-9DFB-4315BEC3250A}
		{3F922D92-8434-46D2-B16D-BC12631C72DD} = {73C120E4-D37F-41F7-9DFB-4315BEC3250A}
		{265E3A7B-4FB5-4A6B-845E-449AFBD16D88} = {C8A58FB6-F539-4E62-93F8-28B51E56D033}
		{094585D5-62DF-445D-A8B3-88CB137B0205} = {C8A58FB6-F539-4E62-93F8-28B51E56D033}
		{65631767-93F5-4F5B-875A-AA5FE4F6A80D} = {C8A58FB6-F539-4E62-93F8-28B51E56D033}
	EndGlobalSection
	GlobalSection(ExtensibilityGlobals) = postSolution
		SolutionGuid = {6989C4B9-1911-47A5-BA34-36E48C21CE4A}
	EndGlobalSection
EndGlobal
